{
  "name": "@tokelde/prompter",
  "version": "0.5.0",
  "lockfileVersion": 3,
  "requires": true,
  "packages": {
    "": {
      "name": "@tokelde/prompter",
      "version": "0.5.0",
      "hasInstallScript": true,
      "bin": {
        "prompter": "bin/prompter"
      },
      "devDependencies": {}
    }
  }
}
